lockfileVersion: '9.0'

settings:
  autoInstallPeers: true
  excludeLinksFromLockfile: false

overrides:
  tar: '>=7.5.11'
  protobufjs: '>=7.5.5'
  brace-expansion: '>=1.1.13'

importers:

  .:
    devDependencies:
      '@playwright/test':
        specifier: ^1.59.1
        version: 1.59.1
      axe-core:
        specifier: ^4.11.3
        version: 4.11.3

  apps/api:
    dependencies:
      '@churchcore/i18n':
        specifier: workspace:*
        version: link:../../packages/i18n
      argon2:
        specifier: ^0.44.0
        version: 0.44.0
      pg:
        specifier: ^8.20.0
        version: 8.20.0

  apps/web:
    dependencies:
      '@churchcore/i18n':
        specifier: workspace:*
        version: link:../../packages/i18n
      '@mantine/core':
        specifier: ^9.1.0
        version: 9.1.0(@mantine/hooks@9.1.0(react@19.2.5))(react-dom@19.2.5(react@19.2.5))(react@19.2.5)
      '@mantine/dates':
        specifier: ^9.1.0
        version: 9.1.0(@mantine/core@9.1.0(@mantine/hooks@9.1.0(react@19.2.5))(react-dom@19.2.5(react@19.2.5))(react@19.2.5))(@mantine/hooks@9.1.0(react@19.2.5))(dayjs@1.11.20)(react-dom@19.2.5(react@19.2.5))(react@19.2.5)
      '@mantine/form':
        specifier: ^9.1.0
        version: 9.1.0(react@19.2.5)
      '@mantine/hooks':
        specifier: ^9.1.0
        version: 9.1.0(react@19.2.5)
      '@mantine/notifications':
        specifier: ^9.1.0
        version: 9.1.0(@mantine/core@9.1.0(@mantine/hooks@9.1.0(react@19.2.5))(react-dom@19.2.5(react@19.2.5))(react@19.2.5))(@mantine/hooks@9.1.0(react@19.2.5))(react-dom@19.2.5(react@19.2.5))(react@19.2.5)
      '@tabler/icons-react':
        specifier: ^3.41.1
        version: 3.41.1(react@19.2.5)
      react:
        specifier: ^19.2.5
        version: 19.2.5
      react-dom:
        specifier: ^19.2.5
        version: 19.2.5(react@19.2.5)
    devDependencies:
      '@vitejs/plugin-react':
        specifier: ^6.0.1
        version: 6.0.1(vite@8.0.10(@types/node@25.5.0)(sugarss@5.0.1(postcss@8.5.10)))
      postcss:
        specifier: ^8.5.10
        version: 8.5.10
      postcss-preset-mantine:
        specifier: ^1.18.0
        version: 1.18.0(postcss@8.5.10)
      postcss-simple-vars:
        specifier: ^7.0.1
        version: 7.0.1(postcss@8.5.10)
      vite:
        specifier: ^8.0.10
        version: 8.0.10(@types/node@25.5.0)(sugarss@5.0.1(postcss@8.5.10))

  apps/worker:
    dependencies:
      pg:
        specifier: ^8.20.0
        version: 8.20.0

  packages/domain: {}

  packages/i18n: {}

packages:

  '@babel/runtime@7.29.2':
    resolution: {integrity: sha512-JiDShH45zKHWyGe4ZNVRrCjBz8Nh9TMmZG1kh4QTK8hCBTWBi8Da+i7s1fJw7/lYpM4ccepSNfqzZ/QvABBi5g==}
    engines: {node: '>=6.9.0'}

  '@emnapi/core@1.10.0':
    resolution: {integrity: sha512-yq6OkJ4p82CAfPl0u9mQebQHKPJkY7WrIuk205cTYnYe+k2Z8YBh11FrbRG/H6ihirqcacOgl2BIO8oyMQLeXw==}

  '@emnapi/runtime@1.10.0':
    resolution: {integrity: sha512-ewvYlk86xUoGI0zQRNq/mC+16R1QeDlKQy21Ki3oSYXNgLb45GV1P6A0M+/s6nyCuNDqe5VpaY84BzXGwVbwFA==}

  '@emnapi/wasi-threads@1.2.1':
    resolution: {integrity: sha512-uTII7OYF+/Mes/MrcIOYp5yOtSMLBWSIoLPpcgwipoiKbli6k322tcoFsxoIIxPDqW01SQGAgko4EzZi2BNv2w==}

  '@epic-web/invariant@1.0.0':
    resolution: {integrity: sha512-lrTPqgvfFQtR/eY/qkIzp98OGdNJu0m5ji3q/nJI8v3SXkRKEnWiOxMmbvcSoAIzv/cGiuvRy57k4suKQSAdwA==}

  '@floating-ui/core@1.7.5':
    resolution: {integrity: sha512-1Ih4WTWyw0+lKyFMcBHGbb5U5FtuHJuujoyyr5zTaWS5EYMeT6Jb2AuDeftsCsEuchO+mM2ij5+q9crhydzLhQ==}

  '@floating-ui/dom@1.7.6':
    resolution: {integrity: sha512-9gZSAI5XM36880PPMm//9dfiEngYoC6Am2izES1FF406YFsjvyBMmeJ2g4SAju3xWwtuynNRFL2s9hgxpLI5SQ==}

  '@floating-ui/react-dom@2.1.8':
    resolution: {integrity: sha512-cC52bHwM/n/CxS87FH0yWdngEZrjdtLW/qVruo68qg+prK7ZQ4YGdut2GyDVpoGeAYe/h899rVeOVm6Oi40k2A==}
    peerDependencies:
      react: '>=16.8.0'
      react-dom: '>=16.8.0'

  '@floating-ui/react@0.27.19':
    resolution: {integrity: sha512-31B8h5mm8YxotlE7/AU/PhNAl8eWxAmjL/v2QOxroDNkTFLk3Uu82u63N3b6TXa4EGJeeZLVcd/9AlNlVqzeog==}
    peerDependencies:
      react: '>=17.0.0'
      react-dom: '>=17.0.0'

  '@floating-ui/utils@0.2.11':
    resolution: {integrity: sha512-RiB/yIh78pcIxl6lLMG0CgBXAZ2Y0eVHqMPYugu+9U0AeT6YBeiJpf7lbdJNIugFP5SIjwNRgo4DhR1Qxi26Gg==}

  '@mantine/core@9.1.0':
    resolution: {integrity: sha512-gT14pELclqrxhWZsFoY6MxN3dtVKxwUQFM9Y5SNzNyHgm6Mjh374pFdMg7P6FOECXYy1nlTP8y5S1vIR9CiNTA==}
    peerDependencies:
      '@mantine/hooks': 9.1.0
      react: ^19.2.0
      react-dom: ^19.2.0

  '@mantine/dates@9.1.0':
    resolution: {integrity: sha512-g6BbiqUjn7RI1/n8M/9n5Gof3YvCJDjs9TcfdFUJLBc6DPPqLTCi9EPnOon9ilSJl+ceW+LGYhYOJGPkmdI76A==}
    peerDependencies:
      '@mantine/core': 9.1.0
      '@mantine/hooks': 9.1.0
      dayjs: '>=1.0.0'
      react: ^19.2.0
      react-dom: ^19.2.0

  '@mantine/form@9.1.0':
    resolution: {integrity: sha512-UH7RN89MCBaC+Z/u1BrOR9lFIezmD4JAiejzqeKm7cFXpPm05lgOUi7wZ+zvCBx1a2adog57NPfBQqvC1SHekQ==}
    peerDependencies:
      react: ^19.2.0

  '@mantine/hooks@9.1.0':
    resolution: {integrity: sha512-qWES5aD0fYfhEP1Kg82IYUZSg1fT9VTwJJF2jmn9lpIAYR2Bht9GIeWMd3WgjRNaxU+7A1I9rC2HADs0khKUpQ==}
    peerDependencies:
      react: ^19.2.0

  '@mantine/notifications@9.1.0':
    resolution: {integrity: sha512-pF5wVjQ75rRH77H895n7jaseGKpAd3iP/JprXPkbK5crYyHaAu04HtiS42OpvW+eG64/gUaUjlxFdS7MCq899A==}
    peerDependencies:
      '@mantine/core': 9.1.0
      '@mantine/hooks': 9.1.0
      react: ^19.2.0
      react-dom: ^19.2.0

  '@mantine/store@9.1.0':
    resolution: {integrity: sha512-0HhnJ7Ubx7WXFmU4b9cBL9d/CubYf8l645FpIugaQXPJ0wOnSCvehRM5vC3r3AftEW9ZaJwR6+fw4uPy7y55+g==}
    peerDependencies:
      react: ^19.2.0

  '@napi-rs/wasm-runtime@1.1.4':
    resolution: {integrity: sha512-3NQNNgA1YSlJb/kMH1ildASP9HW7/7kYnRI2szWJaofaS1hWmbGI4H+d3+22aGzXXN9IJ+n+GiFVcGipJP18ow==}
    peerDependencies:
      '@emnapi/core': ^1.7.1
      '@emnapi/runtime': ^1.7.1

  '@oxc-project/types@0.127.0':
    resolution: {integrity: sha512-aIYXQBo4lCbO4z0R3FHeucQHpF46l2LbMdxRvqvuRuW2OxdnSkcng5B8+K12spgLDj93rtN3+J2Vac/TIO+ciQ==}

  '@phc/format@1.0.0':
    resolution: {integrity: sha512-m7X9U6BG2+J+R1lSOdCiITLLrxm+cWlNI3HUFA92oLO77ObGNzaKdh8pMLqdZcshtkKuV84olNNXDfMc4FezBQ==}
    engines: {node: '>=10'}

  '@playwright/test@1.59.1':
    resolution: {integrity: sha512-PG6q63nQg5c9rIi4/Z5lR5IVF7yU5MqmKaPOe0HSc0O2cX1fPi96sUQu5j7eo4gKCkB2AnNGoWt7y4/Xx3Kcqg==}
    engines: {node: '>=18'}
    hasBin: true

  '@rolldown/binding-android-arm64@1.0.0-rc.17':
    resolution: {integrity: sha512-s70pVGhw4zqGeFnXWvAzJDlvxhlRollagdCCKRgOsgUOH3N1l0LIxf83AtGzmb5SiVM4Hjl5HyarMRfdfj3DaQ==}
    engines: {node: ^20.19.0 || >=22.12.0}
    cpu: [arm64]
    os: [android]

  '@rolldown/binding-darwin-arm64@1.0.0-rc.17':
    resolution: {integrity: sha512-4ksWc9n0mhlZpZ9PMZgTGjeOPRu8MB1Z3Tz0Mo02eWfWCHMW1zN82Qz/pL/rC+yQa+8ZnutMF0JjJe7PjwasYw==}
    engines: {node: ^20.19.0 || >=22.12.0}
    cpu: [arm64]
    os: [darwin]

  '@rolldown/binding-darwin-x64@1.0.0-rc.17':
    resolution: {integrity: sha512-SUSDOI6WwUVNcWxd02QEBjLdY1VPHvlEkw6T/8nYG322iYWCTxRb1vzk4E+mWWYehTp7ERibq54LSJGjmouOsw==}
    engines: {node: ^20.19.0 || >=22.12.0}
    cpu: [x64]
    os: [darwin]

  '@rolldown/binding-freebsd-x64@1.0.0-rc.17':
    resolution: {integrity: sha512-hwnz3nw9dbJ05EDO/PvcjaaewqqDy7Y1rn1UO81l8iIK1GjenME75dl16ajbvSSMfv66WXSRCYKIqfgq2KCfxw==}
    engines: {node: ^20.19.0 || >=22.12.0}
    cpu: [x64]
    os: [freebsd]

  '@rolldown/binding-linux-arm-gnueabihf@1.0.0-rc.17':
    resolution: {integrity: sha512-IS+W7epTcwANmFSQFrS1SivEXHtl1JtuQA9wlxrZTcNi6mx+FDOYrakGevvvTwgj2JvWiK8B29/qD9BELZPyXQ==}
    engines: {node: ^20.19.0 || >=22.12.0}
    cpu: [arm]
    os: [linux]

  '@rolldown/binding-linux-arm64-gnu@1.0.0-rc.17':
    resolution: {integrity: sha512-e6usGaHKW5BMNZOymS1UcEYGowQMWcgZ71Z17Sl/h2+ZziNJ1a9n3Zvcz6LdRyIW5572wBCTH/Z+bKuZouGk9Q==}
    engines: {node: ^20.19.0 || >=22.12.0}
    cpu: [arm64]
    os: [linux]
    libc: [glibc]

  '@rolldown/binding-linux-arm64-musl@1.0.0-rc.17':
    resolution: {integrity: sha512-b/CgbwAJpmrRLp02RPfhbudf5tZnN9nsPWK82znefso832etkem8H7FSZwxrOI9djcdTP7U6YfNhbRnh7djErg==}
    engines: {node: ^20.19.0 || >=22.12.0}
    cpu: [arm64]
    os: [linux]
    libc: [musl]

  '@rolldown/binding-linux-ppc64-gnu@1.0.0-rc.17':
    resolution: {integrity: sha512-4EII1iNGRUN5WwGbF/kOh/EIkoDN9HsupgLQoXfY+D1oyJm7/F4t5PYU5n8SWZgG0FEwakyM8pGgwcBYruGTlA==}
    engines: {node: ^20.19.0 || >=22.12.0}
    cpu: [ppc64]
    os: [linux]
    libc: [glibc]

  '@rolldown/binding-linux-s390x-gnu@1.0.0-rc.17':
    resolution: {integrity: sha512-AH8oq3XqQo4IibpVXvPeLDI5pzkpYn0WiZAfT05kFzoJ6tQNzwRdDYQ45M8I/gslbodRZwW8uxLhbSBbkv96rA==}
    engines: {node: ^20.19.0 || >=22.12.0}
    cpu: [s390x]
    os: [linux]
    libc: [glibc]

  '@rolldown/binding-linux-x64-gnu@1.0.0-rc.17':
    resolution: {integrity: sha512-cLnjV3xfo7KslbU41Z7z8BH/E1y5mzUYzAqih1d1MDaIGZRCMqTijqLv76/P7fyHuvUcfGsIpqCdddbxLLK9rA==}
    engines: {node: ^20.19.0 || >=22.12.0}
    cpu: [x64]
    os: [linux]
    libc: [glibc]

  '@rolldown/binding-linux-x64-musl@1.0.0-rc.17':
    resolution: {integrity: sha512-0phclDw1spsL7dUB37sIARuis2tAgomCJXAHZlpt8PXZ4Ba0dRP1e+66lsRqrfhISeN9bEGNjQs+T/Fbd7oYGw==}
    engines: {node: ^20.19.0 || >=22.12.0}
    cpu: [x64]
    os: [linux]
    libc: [musl]

  '@rolldown/binding-openharmony-arm64@1.0.0-rc.17':
    resolution: {integrity: sha512-0ag/hEgXOwgw4t8QyQvUCxvEg+V0KBcA6YuOx9g0r02MprutRF5dyljgm3EmR02O292UX7UeS6HzWHAl6KgyhA==}
    engines: {node: ^20.19.0 || >=22.12.0}
    cpu: [arm64]
    os: [openharmony]

  '@rolldown/binding-wasm32-wasi@1.0.0-rc.17':
    resolution: {integrity: sha512-LEXei6vo0E5wTGwpkJ4KoT3OZJRnglwldt5ziLzOlc6qqb55z4tWNq2A+PFqCJuvWWdP53CVhG1Z9NtToDPJrA==}
    engines: {node: ^20.19.0 || >=22.12.0}
    cpu: [wasm32]

  '@rolldown/binding-win32-arm64-msvc@1.0.0-rc.17':
    resolution: {integrity: sha512-gUmyzBl3SPMa6hrqFUth9sVfcLBlYsbMzBx5PlexMroZStgzGqlZ26pYG89rBb45Mnia+oil6YAIFeEWGWhoZA==}
    engines: {node: ^20.19.0 || >=22.12.0}
    cpu: [arm64]
    os: [win32]

  '@rolldown/binding-win32-x64-msvc@1.0.0-rc.17':
    resolution: {integrity: sha512-3hkiolcUAvPB9FLb3UZdfjVVNWherN1f/skkGWJP/fgSQhYUZpSIRr0/I8ZK9TkF3F7kxvJAk0+IcKvPHk9qQg==}
    engines: {node: ^20.19.0 || >=22.12.0}
    cpu: [x64]
    os: [win32]

  '@rolldown/pluginutils@1.0.0-rc.17':
    resolution: {integrity: sha512-n8iosDOt6Ig1UhJ2AYqoIhHWh/isz0xpicHTzpKBeotdVsTEcxsSA/i3EVM7gQAj0rU27OLAxCjzlj15IWY7bg==}

  '@rolldown/pluginutils@1.0.0-rc.7':
    resolution: {integrity: sha512-qujRfC8sFVInYSPPMLQByRh7zhwkGFS4+tyMQ83srV1qrxL4g8E2tyxVVyxd0+8QeBM1mIk9KbWxkegRr76XzA==}

  '@standard-schema/spec@1.1.0':
    resolution: {integrity: sha512-l2aFy5jALhniG5HgqrD6jXLi/rUWrKvqN/qJx6yoJsgKhblVd+iqqU4RCXavm/jPityDo5TCvKMnpjKnOriy0w==}

  '@tabler/icons-react@3.41.1':
    resolution: {integrity: sha512-kUgweE+DJtAlMZVIns1FTDdcbpRVnkK7ZpUOXmoxy3JAF0rSHj0TcP4VHF14+gMJGnF+psH2Zt26BLT6owetBA==}
    peerDependencies:
      react: '>= 16'

  '@tabler/icons@3.41.1':
    resolution: {integrity: sha512-OaRnVbRmH2nHtFeg+RmMJ/7m2oBIF9XCJAUD5gQnMrpK9f05ydj8MZrAf3NZQqOXyxGN1UBL0D5IKLLEUfr74Q==}

  '@tybys/wasm-util@0.10.1':
    resolution: {integrity: sha512-9tTaPJLSiejZKx+Bmog4uSubteqTvFrVrURwkmHixBo0G4seD0zUxp98E1DzUBJxLQ3NPwXrGKDiVjwx/DpPsg==}

  '@types/node@25.5.0':
    resolution: {integrity: sha512-jp2P3tQMSxWugkCUKLRPVUpGaL5MVFwF8RDuSRztfwgN1wmqJeMSbKlnEtQqU8UrhTmzEmZdu2I6v2dpp7XIxw==}

  '@vitejs/plugin-react@6.0.1':
    resolution: {integrity: sha512-l9X/E3cDb+xY3SWzlG1MOGt2usfEHGMNIaegaUGFsLkb3RCn/k8/TOXBcab+OndDI4TBtktT8/9BwwW8Vi9KUQ==}
    engines: {node: ^20.19.0 || >=22.12.0}
    peerDependencies:
      '@rolldown/plugin-babel': ^0.1.7 || ^0.2.0
      babel-plugin-react-compiler: ^1.0.0
      vite: ^8.0.0
    peerDependenciesMeta:
      '@rolldown/plugin-babel':
        optional: true
      babel-plugin-react-compiler:
        optional: true

  argon2@0.44.0:
    resolution: {integrity: sha512-zHPGN3S55sihSQo0dBbK0A5qpi2R31z7HZDZnry3ifOyj8bZZnpZND2gpmhnRGO1V/d555RwBqIK5W4Mrmv3ig==}
    engines: {node: '>=16.17.0'}

  axe-core@4.11.3:
    resolution: {integrity: sha512-zBQouZixDTbo3jMGqHKyePxYxr1e5W8UdTmBQ7sNtaA9M2bE32daxxPLS/jojhKOHxQ7LWwPjfiwf/fhaJWzlg==}
    engines: {node: '>=4'}

  camelcase-css@2.0.1:
    resolution: {integrity: sha512-QOSvevhslijgYwRx6Rv7zKdMF8lbRmx+uQGx2+vDc+KI/eBnsy9kit5aj23AgGu3pa4t9AgwbnXWqS+iOY+2aA==}
    engines: {node: '>= 6'}

  clsx@2.1.1:
    resolution: {integrity: sha512-eYm0QWBtUrBWZWG0d386OGAw16Z995PiOVo2B7bjWSbHedGl5e0ZWaq65kOGgUSNesEIDkB9ISbTg/JK9dhCZA==}
    engines: {node: '>=6'}

  cross-env@10.1.0:
    resolution: {integrity: sha512-GsYosgnACZTADcmEyJctkJIoqAhHjttw7RsFrVoJNXbsWWqaq6Ym+7kZjq6mS45O0jij6vtiReppKQEtqWy6Dw==}
    engines: {node: '>=20'}
    hasBin: true

  cross-spawn@7.0.6:
    resolution: {integrity: sha512-uV2QOWP2nWzsy2aMp8aRibhi9dlzF5Hgh5SHaB9OiTGEyDTiJJyx0uy51QXdyWbtAHNua4XJzUKca3OzKUd3vA==}
    engines: {node: '>= 8'}

  cssesc@3.0.0:
    resolution: {integrity: sha512-/Tb/JcjK111nNScGob5MNtsntNM1aCNUDipB/TkwZFhyDrrE47SOx/18wF2bbjgc3ZzCSKW1T5nt5EbFoAz/Vg==}
    engines: {node: '>=4'}
    hasBin: true

  csstype@3.2.3:
    resolution: {integrity: sha512-z1HGKcYy2xA8AGQfwrn0PAy+PB7X/GSj3UVJW9qKyn43xWa+gl5nXmU4qqLMRzWVLFC8KusUX8T/0kCiOYpAIQ==}

  dayjs@1.11.20:
    resolution: {integrity: sha512-YbwwqR/uYpeoP4pu043q+LTDLFBLApUP6VxRihdfNTqu4ubqMlGDLd6ErXhEgsyvY0K6nCs7nggYumAN+9uEuQ==}

  detect-libc@2.1.2:
    resolution: {integrity: sha512-Btj2BOOO83o3WyH59e8MgXsxEQVcarkUOpEYrubB0urwnN10yQ364rsiByU11nZlqWYZm05i/of7io4mzihBtQ==}
    engines: {node: '>=8'}

  detect-node-es@1.1.0:
    resolution: {integrity: sha512-ypdmJU/TbBby2Dxibuv7ZLW3Bs1QEmM7nHjEANfohJLvE0XVujisn1qPJcZxg+qDucsr+bP6fLD1rPS3AhJ7EQ==}

  dom-helpers@5.2.1:
    resolution: {integrity: sha512-nRCa7CK3VTrM2NmGkIy4cbK7IZlgBE/PYMn55rrXefr5xXDP0LdtfPnblFDoVdcAfslJ7or6iqAUnx0CCGIWQA==}

  fast-deep-equal@3.1.3:
    resolution: {integrity: sha512-f3qQ9oQy9j2AhBe/H9VC91wLmKBCCU/gDOnKNAYG5hswO7BLKj09Hc5HYNz9cGI++xlpDCIgDaitVs03ATR84Q==}

  fdir@6.5.0:
    resolution: {integrity: sha512-tIbYtZbucOs0BRGqPJkshJUYdL+SDH7dVM8gjy+ERp3WAUjLEFJE+02kanyHtwjWOnwrKYBiwAmM0p4kLJAnXg==}
    engines: {node: '>=12.0.0'}
    peerDependencies:
      picomatch: ^3 || ^4
    peerDependenciesMeta:
      picomatch:
        optional: true

  fsevents@2.3.2:
    resolution: {integrity: sha512-xiqMQR4xAeHTuB9uWm+fFRcIOgKBMiOBP+eXiyT7jsgVCq1bkVygt00oASowB7EdtpOHaaPgKt812P9ab+DDKA==}
    engines: {node: ^8.16.0 || ^10.6.0 || >=11.0.0}
    os: [darwin]

  fsevents@2.3.3:
    resolution: {integrity: sha512-5xoDfX+fL7faATnagmWPpbFtwh/R77WmMMqqHGS65C3vvB0YHrgF+B1YmZ3441tMj5n63k0212XNoJwzlhffQw==}
    engines: {node: ^8.16.0 || ^10.6.0 || >=11.0.0}
    os: [darwin]

  get-nonce@1.0.1:
    resolution: {integrity: sha512-FJhYRoDaiatfEkUK8HKlicmu/3SGFD51q3itKDGoSTysQJBnfOcxU5GxnhE1E6soB76MbT0MBtnKJuXyAx+96Q==}
    engines: {node: '>=6'}

  isexe@2.0.0:
    resolution: {integrity: sha512-RHxMLp9lnKHGHRng9QFhRCMbYAcVpn69smSGcq3f36xjgVVWThj4qqLbTLlq7Ssj8B+fIQ1EuCEGI2lKsyQeIw==}

  js-tokens@4.0.0:
    resolution: {integrity: sha512-RdJUflcE3cUzKiMqQgsCu06FPu9UdIJO0beYbPhHN4k6apgJtifcoCtT9bcxOpYBtpD2kCM6Sbzg4CausW/PKQ==}

  klona@2.0.6:
    resolution: {integrity: sha512-dhG34DXATL5hSxJbIexCft8FChFXtmskoZYnoPWjXQuebWYCNkVeV3KkGegCK9CP1oswI/vQibS2GY7Em/sJJA==}
    engines: {node: '>= 8'}

  lightningcss-android-arm64@1.32.0:
    resolution: {integrity: sha512-YK7/ClTt4kAK0vo6w3X+Pnm0D2cf2vPHbhOXdoNti1Ga0al1P4TBZhwjATvjNwLEBCnKvjJc2jQgHXH0NEwlAg==}
    engines: {node: '>= 12.0.0'}
    cpu: [arm64]
    os: [android]

  lightningcss-darwin-arm64@1.32.0:
    resolution: {integrity: sha512-RzeG9Ju5bag2Bv1/lwlVJvBE3q6TtXskdZLLCyfg5pt+HLz9BqlICO7LZM7VHNTTn/5PRhHFBSjk5lc4cmscPQ==}
    engines: {node: '>= 12.0.0'}
    cpu: [arm64]
    os: [darwin]

  lightningcss-darwin-x64@1.32.0:
    resolution: {integrity: sha512-U+QsBp2m/s2wqpUYT/6wnlagdZbtZdndSmut/NJqlCcMLTWp5muCrID+K5UJ6jqD2BFshejCYXniPDbNh73V8w==}
    engines: {node: '>= 12.0.0'}
    cpu: [x64]
    os: [darwin]

  lightningcss-freebsd-x64@1.32.0:
    resolution: {integrity: sha512-JCTigedEksZk3tHTTthnMdVfGf61Fky8Ji2E4YjUTEQX14xiy/lTzXnu1vwiZe3bYe0q+SpsSH/CTeDXK6WHig==}
    engines: {node: '>= 12.0.0'}
    cpu: [x64]
    os: [freebsd]

  lightningcss-linux-arm-gnueabihf@1.32.0:
    resolution: {integrity: sha512-x6rnnpRa2GL0zQOkt6rts3YDPzduLpWvwAF6EMhXFVZXD4tPrBkEFqzGowzCsIWsPjqSK+tyNEODUBXeeVHSkw==}
    engines: {node: '>= 12.0.0'}
    cpu: [arm]
    os: [linux]

  lightningcss-linux-arm64-gnu@1.32.0:
    resolution: {integrity: sha512-0nnMyoyOLRJXfbMOilaSRcLH3Jw5z9HDNGfT/gwCPgaDjnx0i8w7vBzFLFR1f6CMLKF8gVbebmkUN3fa/kQJpQ==}
    engines: {node: '>= 12.0.0'}
    cpu: [arm64]
    os: [linux]
    libc: [glibc]

  lightningcss-linux-arm64-musl@1.32.0:
    resolution: {integrity: sha512-UpQkoenr4UJEzgVIYpI80lDFvRmPVg6oqboNHfoH4CQIfNA+HOrZ7Mo7KZP02dC6LjghPQJeBsvXhJod/wnIBg==}
    engines: {node: '>= 12.0.0'}
    cpu: [arm64]
    os: [linux]
    libc: [musl]

  lightningcss-linux-x64-gnu@1.32.0:
    resolution: {integrity: sha512-V7Qr52IhZmdKPVr+Vtw8o+WLsQJYCTd8loIfpDaMRWGUZfBOYEJeyJIkqGIDMZPwPx24pUMfwSxxI8phr/MbOA==}
    engines: {node: '>= 12.0.0'}
    cpu: [x64]
    os: [linux]
    libc: [glibc]

  lightningcss-linux-x64-musl@1.32.0:
    resolution: {integrity: sha512-bYcLp+Vb0awsiXg/80uCRezCYHNg1/l3mt0gzHnWV9XP1W5sKa5/TCdGWaR/zBM2PeF/HbsQv/j2URNOiVuxWg==}
    engines: {node: '>= 12.0.0'}
    cpu: [x64]
    os: [linux]
    libc: [musl]

  lightningcss-win32-arm64-msvc@1.32.0:
    resolution: {integrity: sha512-8SbC8BR40pS6baCM8sbtYDSwEVQd4JlFTOlaD3gWGHfThTcABnNDBda6eTZeqbofalIJhFx0qKzgHJmcPTnGdw==}
    engines: {node: '>= 12.0.0'}
    cpu: [arm64]
    os: [win32]

  lightningcss-win32-x64-msvc@1.32.0:
    resolution: {integrity: sha512-Amq9B/SoZYdDi1kFrojnoqPLxYhQ4Wo5XiL8EVJrVsB8ARoC1PWW6VGtT0WKCemjy8aC+louJnjS7U18x3b06Q==}
    engines: {node: '>= 12.0.0'}
    cpu: [x64]
    os: [win32]

  lightningcss@1.32.0:
    resolution: {integrity: sha512-NXYBzinNrblfraPGyrbPoD19C1h9lfI/1mzgWYvXUTe414Gz/X1FD2XBZSZM7rRTrMA8JL3OtAaGifrIKhQ5yQ==}
    engines: {node: '>= 12.0.0'}

  loose-envify@1.4.0:
    resolution: {integrity: sha512-lyuxPGr/Wfhrlem2CL/UcnUc1zcqKAImBDzukY7Y5F/yQiNdko6+fRLevlw1HgMySw7f611UIY408EtxRSoK3Q==}
    hasBin: true

  nanoid@3.3.11:
    resolution: {integrity: sha512-N8SpfPUnUp1bK+PMYW8qSWdl9U+wwNWI4QKxOYDy9JAro3WMX7p2OeVRF9v+347pnakNevPmiHhNmZ2HbFA76w==}
    engines: {node: ^10 || ^12 || ^13.7 || ^14 || >=15.0.1}
    hasBin: true

  node-addon-api@8.7.0:
    resolution: {integrity: sha512-9MdFxmkKaOYVTV+XVRG8ArDwwQ77XIgIPyKASB1k3JPq3M8fGQQQE3YpMOrKm6g//Ktx8ivZr8xo1Qmtqub+GA==}
    engines: {node: ^18 || ^20 || >= 21}

  node-gyp-build@4.8.4:
    resolution: {integrity: sha512-LA4ZjwlnUblHVgq0oBF3Jl/6h/Nvs5fzBLwdEF4nuxnFdsfajde4WfxtJr3CaiH+F6ewcIB/q4jQ4UzPyid+CQ==}
    hasBin: true

  object-assign@4.1.1:
    resolution: {integrity: sha512-rJgTQnkUnH1sFw8yT6VSU3zD3sWmu6sZhIseY8VX+GRu3P6F7Fu+JNDoXfklElbLJSnc3FUQHVe4cU5hj+BcUg==}
    engines: {node: '>=0.10.0'}

  path-key@3.1.1:
    resolution: {integrity: sha512-ojmeN0qd+y0jszEtoY48r0Peq5dwMEkIlCOu6Q5f41lfkswXuKtYrhgoTpLnyIcHm24Uhqx+5Tqm2InSwLhE6Q==}
    engines: {node: '>=8'}

  pg-cloudflare@1.3.0:
    resolution: {integrity: sha512-6lswVVSztmHiRtD6I8hw4qP/nDm1EJbKMRhf3HCYaqud7frGysPv7FYJ5noZQdhQtN2xJnimfMtvQq21pdbzyQ==}

  pg-connection-string@2.12.0:
    resolution: {integrity: sha512-U7qg+bpswf3Cs5xLzRqbXbQl85ng0mfSV/J0nnA31MCLgvEaAo7CIhmeyrmJpOr7o+zm0rXK+hNnT5l9RHkCkQ==}

  pg-int8@1.0.1:
    resolution: {integrity: sha512-WCtabS6t3c8SkpDBUlb1kjOs7l66xsGdKpIPZsg4wR+B3+u9UAum2odSsF9tnvxg80h4ZxLWMy4pRjOsFIqQpw==}
    engines: {node: '>=4.0.0'}

  pg-pool@3.13.0:
    resolution: {integrity: sha512-gB+R+Xud1gLFuRD/QgOIgGOBE2KCQPaPwkzBBGC9oG69pHTkhQeIuejVIk3/cnDyX39av2AxomQiyPT13WKHQA==}
    peerDependencies:
      pg: '>=8.0'

  pg-protocol@1.13.0:
    resolution: {integrity: sha512-zzdvXfS6v89r6v7OcFCHfHlyG/wvry1ALxZo4LqgUoy7W9xhBDMaqOuMiF3qEV45VqsN6rdlcehHrfDtlCPc8w==}

  pg-types@2.2.0:
    resolution: {integrity: sha512-qTAAlrEsl8s4OiEQY69wDvcMIdQN6wdz5ojQiOy6YRMuynxenON0O5oCpJI6lshc6scgAY8qvJ2On/p+CXY0GA==}
    engines: {node: '>=4'}

  pg@8.20.0:
    resolution: {integrity: sha512-ldhMxz2r8fl/6QkXnBD3CR9/xg694oT6DZQ2s6c/RI28OjtSOpxnPrUCGOBJ46RCUxcWdx3p6kw/xnDHjKvaRA==}
    engines: {node: '>= 16.0.0'}
    peerDependencies:
      pg-native: '>=3.0.1'
    peerDependenciesMeta:
      pg-native:
        optional: true

  pgpass@1.0.5:
    resolution: {integrity: sha512-FdW9r/jQZhSeohs1Z3sI1yxFQNFvMcnmfuj4WBMUTxOrAyLMaTcE1aAMBiTlbMNaXvBCQuVi0R7hd8udDSP7ug==}

  picocolors@1.1.1:
    resolution: {integrity: sha512-xceH2snhtb5M9liqDsmEw56le376mTZkEX/jEb/RxNFyegNul7eNslCXP9FDj/Lcu0X8KEyMceP2ntpaHrDEVA==}

  picomatch@4.0.4:
    resolution: {integrity: sha512-QP88BAKvMam/3NxH6vj2o21R6MjxZUAd6nlwAS/pnGvN9IVLocLHxGYIzFhg6fUQ+5th6P4dv4eW9jX3DSIj7A==}
    engines: {node: '>=12'}

  playwright-core@1.59.1:
    resolution: {integrity: sha512-HBV/RJg81z5BiiZ9yPzIiClYV/QMsDCKUyogwH9p3MCP6IYjUFu/MActgYAvK0oWyV9NlwM3GLBjADyWgydVyg==}
    engines: {node: '>=18'}
    hasBin: true

  playwright@1.59.1:
    resolution: {integrity: sha512-C8oWjPR3F81yljW9o5OxcWzfh6avkVwDD2VYdwIGqTkl+OGFISgypqzfu7dOe4QNLL2aqcWBmI3PMtLIK233lw==}
    engines: {node: '>=18'}
    hasBin: true

  postcss-js@4.1.0:
    resolution: {integrity: sha512-oIAOTqgIo7q2EOwbhb8UalYePMvYoIeRY2YKntdpFQXNosSu3vLrniGgmH9OKs/qAkfoj5oB3le/7mINW1LCfw==}
    engines: {node: ^12 || ^14 || >= 16}
    peerDependencies:
      postcss: ^8.4.21

  postcss-mixins@12.1.2:
    resolution: {integrity: sha512-90pSxmZVfbX9e5xCv7tI5RV1mnjdf16y89CJKbf/hD7GyOz1FCxcYMl8ZYA8Hc56dbApTKKmU9HfvgfWdCxlwg==}
    engines: {node: ^20.0 || ^22.0 || >=24.0}
    peerDependencies:
      postcss: ^8.2.14

  postcss-nested@7.0.2:
    resolution: {integrity: sha512-5osppouFc0VR9/VYzYxO03VaDa3e8F23Kfd6/9qcZTUI8P58GIYlArOET2Wq0ywSl2o2PjELhYOFI4W7l5QHKw==}
    engines: {node: '>=18.0'}
    peerDependencies:
      postcss: ^8.2.14

  postcss-preset-mantine@1.18.0:
    resolution: {integrity: sha512-sP6/s1oC7cOtBdl4mw/IRKmKvYTuzpRrH/vT6v9enMU/EQEQ31eQnHcWtFghOXLH87AAthjL/Q75rLmin1oZoA==}
    peerDependencies:
      postcss: '>=8.0.0'

  postcss-selector-parser@7.1.1:
    resolution: {integrity: sha512-orRsuYpJVw8LdAwqqLykBj9ecS5/cRHlI5+nvTo8LcCKmzDmqVORXtOIYEEQuL9D4BxtA1lm5isAqzQZCoQ6Eg==}
    engines: {node: '>=4'}

  postcss-simple-vars@7.0.1:
    resolution: {integrity: sha512-5GLLXaS8qmzHMOjVxqkk1TZPf1jMqesiI7qLhnlyERalG0sMbHIbJqrcnrpmZdKCLglHnRHoEBB61RtGTsj++A==}
    engines: {node: '>=14.0'}
    peerDependencies:
      postcss: ^8.2.1

  postcss@8.5.10:
    resolution: {integrity: sha512-pMMHxBOZKFU6HgAZ4eyGnwXF/EvPGGqUr0MnZ5+99485wwW41kW91A4LOGxSHhgugZmSChL5AlElNdwlNgcnLQ==}
    engines: {node: ^10 || ^12 || >=14}

  postgres-array@2.0.0:
    resolution: {integrity: sha512-VpZrUqU5A69eQyW2c5CA1jtLecCsN2U/bD6VilrFDWq5+5UIEVO7nazS3TEcHf1zuPYO/sqGvUvW62g86RXZuA==}
    engines: {node: '>=4'}

  postgres-bytea@1.0.1:
    resolution: {integrity: sha512-5+5HqXnsZPE65IJZSMkZtURARZelel2oXUEO8rH83VS/hxH5vv1uHquPg5wZs8yMAfdv971IU+kcPUczi7NVBQ==}
    engines: {node: '>=0.10.0'}

  postgres-date@1.0.7:
    resolution: {integrity: sha512-suDmjLVQg78nMK2UZ454hAG+OAW+HQPZ6n++TNDUX+L0+uUlLywnoxJKDou51Zm+zTCjrCl0Nq6J9C5hP9vK/Q==}
    engines: {node: '>=0.10.0'}

  postgres-interval@1.2.0:
    resolution: {integrity: sha512-9ZhXKM/rw350N1ovuWHbGxnGh/SNJ4cnxHiM0rxE4VN41wsg8P8zWn9hv/buK00RP4WvlOyr/RBDiptyxVbkZQ==}
    engines: {node: '>=0.10.0'}

  prop-types@15.8.1:
    resolution: {integrity: sha512-oj87CgZICdulUohogVAR7AjlC0327U4el4L6eAvOqCeudMDVU0NThNaV+b9Df4dXgSP1gXMTnPdhfe/2qDH5cg==}

  react-dom@19.2.5:
    resolution: {integrity: sha512-J5bAZz+DXMMwW/wV3xzKke59Af6CHY7G4uYLN1OvBcKEsWOs4pQExj86BBKamxl/Ik5bx9whOrvBlSDfWzgSag==}
    peerDependencies:
      react: ^19.2.5

  react-is@16.13.1:
    resolution: {integrity: sha512-24e6ynE2H+OKt4kqsOvNd8kBpV65zoxbA4BVsEOB3ARVWQki/DHzaUoC5KuON/BiccDaCCTZBuOcfZs70kR8bQ==}

  react-number-format@5.4.5:
    resolution: {integrity: sha512-y8O2yHHj3w0aE9XO8d2BCcUOOdQTRSVq+WIuMlLVucAm5XNjJAy+BoOJiuQMldVYVOKTMyvVNfnbl2Oqp+YxGw==}
    peerDependencies:
      react: ^0.14 || ^15.0.0 || ^16.0.0 || ^17.0.0 || ^18.0.0 || ^19.0.0
      react-dom: ^0.14 || ^15.0.0 || ^16.0.0 || ^17.0.0 || ^18.0.0 || ^19.0.0

  react-remove-scroll-bar@2.3.8:
    resolution: {integrity: sha512-9r+yi9+mgU33AKcj6IbT9oRCO78WriSj6t/cF8DWBZJ9aOGPOTEDvdUDz1FwKim7QXWwmHqtdHnRJfhAxEG46Q==}
    engines: {node: '>=10'}
    peerDependencies:
      '@types/react': '*'
      react: ^16.8.0 || ^17.0.0 || ^18.0.0 || ^19.0.0
    peerDependenciesMeta:
      '@types/react':
        optional: true

  react-remove-scroll@2.7.2:
    resolution: {integrity: sha512-Iqb9NjCCTt6Hf+vOdNIZGdTiH1QSqr27H/Ek9sv/a97gfueI/5h1s3yRi1nngzMUaOOToin5dI1dXKdXiF+u0Q==}
    engines: {node: '>=10'}
    peerDependencies:
      '@types/react': '*'
      react: ^16.8.0 || ^17.0.0 || ^18.0.0 || ^19.0.0 || ^19.0.0-rc
    peerDependenciesMeta:
      '@types/react':
        optional: true

  react-style-singleton@2.2.3:
    resolution: {integrity: sha512-b6jSvxvVnyptAiLjbkWLE/lOnR4lfTtDAl+eUC7RZy+QQWc6wRzIV2CE6xBuMmDxc2qIihtDCZD5NPOFl7fRBQ==}
    engines: {node: '>=10'}
    peerDependencies:
      '@types/react': '*'
      react: ^16.8.0 || ^17.0.0 || ^18.0.0 || ^19.0.0 || ^19.0.0-rc
    peerDependenciesMeta:
      '@types/react':
        optional: true

  react-transition-group@4.4.5:
    resolution: {integrity: sha512-pZcd1MCJoiKiBR2NRxeCRg13uCXbydPnmB4EOeRrY7480qNWO8IIgQG6zlDkm6uRMsURXPuKq0GWtiM59a5Q6g==}
    peerDependencies:
      react: '>=16.6.0'
      react-dom: '>=16.6.0'

  react@19.2.5:
    resolution: {integrity: sha512-llUJLzz1zTUBrskt2pwZgLq59AemifIftw4aB7JxOqf1HY2FDaGDxgwpAPVzHU1kdWabH7FauP4i1oEeer2WCA==}
    engines: {node: '>=0.10.0'}

  rolldown@1.0.0-rc.17:
    resolution: {integrity: sha512-ZrT53oAKrtA4+YtBWPQbtPOxIbVDbxT0orcYERKd63VJTF13zPcgXTvD4843L8pcsI7M6MErt8QtON6lrB9tyA==}
    engines: {node: ^20.19.0 || >=22.12.0}
    hasBin: true

  scheduler@0.27.0:
    resolution: {integrity: sha512-eNv+WrVbKu1f3vbYJT/xtiF5syA5HPIMtf9IgY/nKg0sWqzAUEvqY/xm7OcZc/qafLx/iO9FgOmeSAp4v5ti/Q==}

  shebang-command@2.0.0:
    resolution: {integrity: sha512-kHxr2zZpYtdmrN1qDjrrX/Z1rR1kG8Dx+gkpK1G4eXmvXswmcE1hTWBWYUzlraYw1/yZp6YuDY77YtvbN0dmDA==}
    engines: {node: '>=8'}

  shebang-regex@3.0.0:
    resolution: {integrity: sha512-7++dFhtcx3353uBaq8DDR4NuxBetBzC7ZQOhmTQInHEd6bSrXdiEyzCvG07Z44UYdLShWUyXt5M/yhz8ekcb1A==}
    engines: {node: '>=8'}

  source-map-js@1.2.1:
    resolution: {integrity: sha512-UXWMKhLOwVKb728IUtQPXxfYU+usdybtUrK/8uGE8CQMvrhOpwvzDBwj0QhSL7MQc7vIsISBG8VQ8+IDQxpfQA==}
    engines: {node: '>=0.10.0'}

  split2@4.2.0:
    resolution: {integrity: sha512-UcjcJOWknrNkF6PLX83qcHM6KHgVKNkV62Y8a5uYDVv9ydGQVwAHMKqHdJje1VTWpljG0WYpCDhrCdAOYH4TWg==}
    engines: {node: '>= 10.x'}

  sugarss@5.0.1:
    resolution: {integrity: sha512-ctS5RYCBVvPoZAnzIaX5QSShK8ZiZxD5HUqSxlusvEMC+QZQIPCPOIJg6aceFX+K2rf4+SH89eu++h1Zmsr2nw==}
    engines: {node: '>=18.0'}
    peerDependencies:
      postcss: ^8.3.3

  tabbable@6.4.0:
    resolution: {integrity: sha512-05PUHKSNE8ou2dwIxTngl4EzcnsCDZGJ/iCLtDflR/SHB/ny14rXc+qU5P4mG9JkusiV7EivzY9Mhm55AzAvCg==}

  tagged-tag@1.0.0:
    resolution: {integrity: sha512-yEFYrVhod+hdNyx7g5Bnkkb0G6si8HJurOoOEgC8B/O0uXLHlaey/65KRv6cuWBNhBgHKAROVpc7QyYqE5gFng==}
    engines: {node: '>=20'}

  tinyglobby@0.2.16:
    resolution: {integrity: sha512-pn99VhoACYR8nFHhxqix+uvsbXineAasWm5ojXoN8xEwK5Kd3/TrhNn1wByuD52UxWRLy8pu+kRMniEi6Eq9Zg==}
    engines: {node: '>=12.0.0'}

  tslib@2.8.1:
    resolution: {integrity: sha512-oJFu94HQb+KVduSUQL7wnpmqnfmLsOA/nAh6b6EH0wCEoK0/mPeXU6c3wKDV83MkOuHPRHtSXKKU99IBazS/2w==}

  type-fest@5.6.0:
    resolution: {integrity: sha512-8ZiHFm91orbSAe2PSAiSVBVko18pbhbiB3U9GglSzF/zCGkR+rxpHx6sEMCUm4kxY4LjDIUGgCfUMtwfZfjfUA==}
    engines: {node: '>=20'}

  undici-types@7.18.2:
    resolution: {integrity: sha512-AsuCzffGHJybSaRrmr5eHr81mwJU3kjw6M+uprWvCXiNeN9SOGwQ3Jn8jb8m3Z6izVgknn1R0FTCEAP2QrLY/w==}

  use-callback-ref@1.3.3:
    resolution: {integrity: sha512-jQL3lRnocaFtu3V00JToYz/4QkNWswxijDaCVNZRiRTO3HQDLsdu1ZtmIUvV4yPp+rvWm5j0y0TG/S61cuijTg==}
    engines: {node: '>=10'}
    peerDependencies:
      '@types/react': '*'
      react: ^16.8.0 || ^17.0.0 || ^18.0.0 || ^19.0.0 || ^19.0.0-rc
    peerDependenciesMeta:
      '@types/react':
        optional: true

  use-sidecar@1.1.3:
    resolution: {integrity: sha512-Fedw0aZvkhynoPYlA5WXrMCAMm+nSWdZt6lzJQ7Ok8S6Q+VsHmHpRWndVRJ8Be0ZbkfPc5LRYH+5XrzXcEeLRQ==}
    engines: {node: '>=10'}
    peerDependencies:
      '@types/react': '*'
      react: ^16.8.0 || ^17.0.0 || ^18.0.0 || ^19.0.0 || ^19.0.0-rc
    peerDependenciesMeta:
      '@types/react':
        optional: true

  util-deprecate@1.0.2:
    resolution: {integrity: sha512-EPD5q1uXyFxJpCrLnCc1nHnq3gOa6DZBocAIiI2TaSCA7VCJ1UJDMagCzIkXNsUYfD1daK//LTEQ8xiIbrHtcw==}

  vite@8.0.10:
    resolution: {integrity: sha512-rZuUu9j6J5uotLDs+cAA4O5H4K1SfPliUlQwqa6YEwSrWDZzP4rhm00oJR5snMewjxF5V/K3D4kctsUTsIU9Mw==}
    engines: {node: ^20.19.0 || >=22.12.0}
    hasBin: true
    peerDependencies:
      '@types/node': ^20.19.0 || >=22.12.0
      '@vitejs/devtools': ^0.1.0
      esbuild: ^0.27.0 || ^0.28.0
      jiti: '>=1.21.0'
      less: ^4.0.0
      sass: ^1.70.0
      sass-embedded: ^1.70.0
      stylus: '>=0.54.8'
      sugarss: ^5.0.0
      terser: ^5.16.0
      tsx: ^4.8.1
      yaml: ^2.4.2
    peerDependenciesMeta:
      '@types/node':
        optional: true
      '@vitejs/devtools':
        optional: true
      esbuild:
        optional: true
      jiti:
        optional: true
      less:
        optional: true
      sass:
        optional: true
      sass-embedded:
        optional: true
      stylus:
        optional: true
      sugarss:
        optional: true
      terser:
        optional: true
      tsx:
        optional: true
      yaml:
        optional: true

  which@2.0.2:
    resolution: {integrity: sha512-BLI3Tl1TW3Pvl70l3yq3Y64i+awpwXqsGBYWkkqMtnbXgrMD+yj7rhW0kuEDxzJaYXGjEW5ogapKNMEKNMjibA==}
    engines: {node: '>= 8'}
    hasBin: true

  xtend@4.0.2:
    resolution: {integrity: sha512-LKYU1iAXJXUgAXn9URjiu+MWhyUXHsvfp7mcuYm9dSUKK0/CjtrUwFAxD82/mCWbtLsGjFIad0wIsod4zrTAEQ==}
    engines: {node: '>=0.4'}

snapshots:

  '@babel/runtime@7.29.2': {}

  '@emnapi/core@1.10.0':
    dependencies:
      '@emnapi/wasi-threads': 1.2.1
      tslib: 2.8.1
    optional: true

  '@emnapi/runtime@1.10.0':
    dependencies:
      tslib: 2.8.1
    optional: true

  '@emnapi/wasi-threads@1.2.1':
    dependencies:
      tslib: 2.8.1
    optional: true

  '@epic-web/invariant@1.0.0': {}

  '@floating-ui/core@1.7.5':
    dependencies:
      '@floating-ui/utils': 0.2.11

  '@floating-ui/dom@1.7.6':
    dependencies:
      '@floating-ui/core': 1.7.5
      '@floating-ui/utils': 0.2.11

  '@floating-ui/react-dom@2.1.8(react-dom@19.2.5(react@19.2.5))(react@19.2.5)':
    dependencies:
      '@floating-ui/dom': 1.7.6
      react: 19.2.5
      react-dom: 19.2.5(react@19.2.5)

  '@floating-ui/react@0.27.19(react-dom@19.2.5(react@19.2.5))(react@19.2.5)':
    dependencies:
      '@floating-ui/react-dom': 2.1.8(react-dom@19.2.5(react@19.2.5))(react@19.2.5)
      '@floating-ui/utils': 0.2.11
      react: 19.2.5
      react-dom: 19.2.5(react@19.2.5)
      tabbable: 6.4.0

  '@floating-ui/utils@0.2.11': {}

  '@mantine/core@9.1.0(@mantine/hooks@9.1.0(react@19.2.5))(react-dom@19.2.5(react@19.2.5))(react@19.2.5)':
    dependencies:
      '@floating-ui/react': 0.27.19(react-dom@19.2.5(react@19.2.5))(react@19.2.5)
      '@mantine/hooks': 9.1.0(react@19.2.5)
      clsx: 2.1.1
      react: 19.2.5
      react-dom: 19.2.5(react@19.2.5)
      react-number-format: 5.4.5(react-dom@19.2.5(react@19.2.5))(react@19.2.5)
      react-remove-scroll: 2.7.2(react@19.2.5)
      type-fest: 5.6.0
    transitivePeerDependencies:
      - '@types/react'

  '@mantine/dates@9.1.0(@mantine/core@9.1.0(@mantine/hooks@9.1.0(react@19.2.5))(react-dom@19.2.5(react@19.2.5))(react@19.2.5))(@mantine/hooks@9.1.0(react@19.2.5))(dayjs@1.11.20)(react-dom@19.2.5(react@19.2.5))(react@19.2.5)':
    dependencies:
      '@mantine/core': 9.1.0(@mantine/hooks@9.1.0(react@19.2.5))(react-dom@19.2.5(react@19.2.5))(react@19.2.5)
      '@mantine/hooks': 9.1.0(react@19.2.5)
      clsx: 2.1.1
      dayjs: 1.11.20
      react: 19.2.5
      react-dom: 19.2.5(react@19.2.5)

  '@mantine/form@9.1.0(react@19.2.5)':
    dependencies:
      '@standard-schema/spec': 1.1.0
      fast-deep-equal: 3.1.3
      klona: 2.0.6
      react: 19.2.5

  '@mantine/hooks@9.1.0(react@19.2.5)':
    dependencies:
      react: 19.2.5

  '@mantine/notifications@9.1.0(@mantine/core@9.1.0(@mantine/hooks@9.1.0(react@19.2.5))(react-dom@19.2.5(react@19.2.5))(react@19.2.5))(@mantine/hooks@9.1.0(react@19.2.5))(react-dom@19.2.5(react@19.2.5))(react@19.2.5)':
    dependencies:
      '@mantine/core': 9.1.0(@mantine/hooks@9.1.0(react@19.2.5))(react-dom@19.2.5(react@19.2.5))(react@19.2.5)
      '@mantine/hooks': 9.1.0(react@19.2.5)
      '@mantine/store': 9.1.0(react@19.2.5)
      react: 19.2.5
      react-dom: 19.2.5(react@19.2.5)
      react-transition-group: 4.4.5(react-dom@19.2.5(react@19.2.5))(react@19.2.5)

  '@mantine/store@9.1.0(react@19.2.5)':
    dependencies:
      react: 19.2.5

  '@napi-rs/wasm-runtime@1.1.4(@emnapi/core@1.10.0)(@emnapi/runtime@1.10.0)':
    dependencies:
      '@emnapi/core': 1.10.0
      '@emnapi/runtime': 1.10.0
      '@tybys/wasm-util': 0.10.1
    optional: true

  '@oxc-project/types@0.127.0': {}

  '@phc/format@1.0.0': {}

  '@playwright/test@1.59.1':
    dependencies:
      playwright: 1.59.1

  '@rolldown/binding-android-arm64@1.0.0-rc.17':
    optional: true

  '@rolldown/binding-darwin-arm64@1.0.0-rc.17':
    optional: true

  '@rolldown/binding-darwin-x64@1.0.0-rc.17':
    optional: true

  '@rolldown/binding-freebsd-x64@1.0.0-rc.17':
    optional: true

  '@rolldown/binding-linux-arm-gnueabihf@1.0.0-rc.17':
    optional: true

  '@rolldown/binding-linux-arm64-gnu@1.0.0-rc.17':
    optional: true

  '@rolldown/binding-linux-arm64-musl@1.0.0-rc.17':
    optional: true

  '@rolldown/binding-linux-ppc64-gnu@1.0.0-rc.17':
    optional: true

  '@rolldown/binding-linux-s390x-gnu@1.0.0-rc.17':
    optional: true

  '@rolldown/binding-linux-x64-gnu@1.0.0-rc.17':
    optional: true

  '@rolldown/binding-linux-x64-musl@1.0.0-rc.17':
    optional: true

  '@rolldown/binding-openharmony-arm64@1.0.0-rc.17':
    optional: true

  '@rolldown/binding-wasm32-wasi@1.0.0-rc.17':
    dependencies:
      '@emnapi/core': 1.10.0
      '@emnapi/runtime': 1.10.0
      '@napi-rs/wasm-runtime': 1.1.4(@emnapi/core@1.10.0)(@emnapi/runtime@1.10.0)
    optional: true

  '@rolldown/binding-win32-arm64-msvc@1.0.0-rc.17':
    optional: true

  '@rolldown/binding-win32-x64-msvc@1.0.0-rc.17':
    optional: true

  '@rolldown/pluginutils@1.0.0-rc.17': {}

  '@rolldown/pluginutils@1.0.0-rc.7': {}

  '@standard-schema/spec@1.1.0': {}

  '@tabler/icons-react@3.41.1(react@19.2.5)':
    dependencies:
      '@tabler/icons': 3.41.1
      react: 19.2.5

  '@tabler/icons@3.41.1': {}

  '@tybys/wasm-util@0.10.1':
    dependencies:
      tslib: 2.8.1
    optional: true

  '@types/node@25.5.0':
    dependencies:
      undici-types: 7.18.2
    optional: true

  '@vitejs/plugin-react@6.0.1(vite@8.0.10(@types/node@25.5.0)(sugarss@5.0.1(postcss@8.5.10)))':
    dependencies:
      '@rolldown/pluginutils': 1.0.0-rc.7
      vite: 8.0.10(@types/node@25.5.0)(sugarss@5.0.1(postcss@8.5.10))

  argon2@0.44.0:
    dependencies:
      '@phc/format': 1.0.0
      cross-env: 10.1.0
      node-addon-api: 8.7.0
      node-gyp-build: 4.8.4

  axe-core@4.11.3: {}

  camelcase-css@2.0.1: {}

  clsx@2.1.1: {}

  cross-env@10.1.0:
    dependencies:
      '@epic-web/invariant': 1.0.0
      cross-spawn: 7.0.6

  cross-spawn@7.0.6:
    dependencies:
      path-key: 3.1.1
      shebang-command: 2.0.0
      which: 2.0.2

  cssesc@3.0.0: {}

  csstype@3.2.3: {}

  dayjs@1.11.20: {}

  detect-libc@2.1.2: {}

  detect-node-es@1.1.0: {}

  dom-helpers@5.2.1:
    dependencies:
      '@babel/runtime': 7.29.2
      csstype: 3.2.3

  fast-deep-equal@3.1.3: {}

  fdir@6.5.0(picomatch@4.0.4):
    optionalDependencies:
      picomatch: 4.0.4

  fsevents@2.3.2:
    optional: true

  fsevents@2.3.3:
    optional: true

  get-nonce@1.0.1: {}

  isexe@2.0.0: {}

  js-tokens@4.0.0: {}

  klona@2.0.6: {}

  lightningcss-android-arm64@1.32.0:
    optional: true

  lightningcss-darwin-arm64@1.32.0:
    optional: true

  lightningcss-darwin-x64@1.32.0:
    optional: true

  lightningcss-freebsd-x64@1.32.0:
    optional: true

  lightningcss-linux-arm-gnueabihf@1.32.0:
    optional: true

  lightningcss-linux-arm64-gnu@1.32.0:
    optional: true

  lightningcss-linux-arm64-musl@1.32.0:
    optional: true

  lightningcss-linux-x64-gnu@1.32.0:
    optional: true

  lightningcss-linux-x64-musl@1.32.0:
    optional: true

  lightningcss-win32-arm64-msvc@1.32.0:
    optional: true

  lightningcss-win32-x64-msvc@1.32.0:
    optional: true

  lightningcss@1.32.0:
    dependencies:
      detect-libc: 2.1.2
    optionalDependencies:
      lightningcss-android-arm64: 1.32.0
      lightningcss-darwin-arm64: 1.32.0
      lightningcss-darwin-x64: 1.32.0
      lightningcss-freebsd-x64: 1.32.0
      lightningcss-linux-arm-gnueabihf: 1.32.0
      lightningcss-linux-arm64-gnu: 1.32.0
      lightningcss-linux-arm64-musl: 1.32.0
      lightningcss-linux-x64-gnu: 1.32.0
      lightningcss-linux-x64-musl: 1.32.0
      lightningcss-win32-arm64-msvc: 1.32.0
      lightningcss-win32-x64-msvc: 1.32.0

  loose-envify@1.4.0:
    dependencies:
      js-tokens: 4.0.0

  nanoid@3.3.11: {}

  node-addon-api@8.7.0: {}

  node-gyp-build@4.8.4: {}

  object-assign@4.1.1: {}

  path-key@3.1.1: {}

  pg-cloudflare@1.3.0:
    optional: true

  pg-connection-string@2.12.0: {}

  pg-int8@1.0.1: {}

  pg-pool@3.13.0(pg@8.20.0):
    dependencies:
      pg: 8.20.0

  pg-protocol@1.13.0: {}

  pg-types@2.2.0:
    dependencies:
      pg-int8: 1.0.1
      postgres-array: 2.0.0
      postgres-bytea: 1.0.1
      postgres-date: 1.0.7
      postgres-interval: 1.2.0

  pg@8.20.0:
    dependencies:
      pg-connection-string: 2.12.0
      pg-pool: 3.13.0(pg@8.20.0)
      pg-protocol: 1.13.0
      pg-types: 2.2.0
      pgpass: 1.0.5
    optionalDependencies:
      pg-cloudflare: 1.3.0

  pgpass@1.0.5:
    dependencies:
      split2: 4.2.0

  picocolors@1.1.1: {}

  picomatch@4.0.4: {}

  playwright-core@1.59.1: {}

  playwright@1.59.1:
    dependencies:
      playwright-core: 1.59.1
    optionalDependencies:
      fsevents: 2.3.2

  postcss-js@4.1.0(postcss@8.5.10):
    dependencies:
      camelcase-css: 2.0.1
      postcss: 8.5.10

  postcss-mixins@12.1.2(postcss@8.5.10):
    dependencies:
      postcss: 8.5.10
      postcss-js: 4.1.0(postcss@8.5.10)
      postcss-simple-vars: 7.0.1(postcss@8.5.10)
      sugarss: 5.0.1(postcss@8.5.10)
      tinyglobby: 0.2.16

  postcss-nested@7.0.2(postcss@8.5.10):
    dependencies:
      postcss: 8.5.10
      postcss-selector-parser: 7.1.1

  postcss-preset-mantine@1.18.0(postcss@8.5.10):
    dependencies:
      postcss: 8.5.10
      postcss-mixins: 12.1.2(postcss@8.5.10)
      postcss-nested: 7.0.2(postcss@8.5.10)

  postcss-selector-parser@7.1.1:
    dependencies:
      cssesc: 3.0.0
      util-deprecate: 1.0.2

  postcss-simple-vars@7.0.1(postcss@8.5.10):
    dependencies:
      postcss: 8.5.10

  postcss@8.5.10:
    dependencies:
      nanoid: 3.3.11
      picocolors: 1.1.1
      source-map-js: 1.2.1

  postgres-array@2.0.0: {}

  postgres-bytea@1.0.1: {}

  postgres-date@1.0.7: {}

  postgres-interval@1.2.0:
    dependencies:
      xtend: 4.0.2

  prop-types@15.8.1:
    dependencies:
      loose-envify: 1.4.0
      object-assign: 4.1.1
      react-is: 16.13.1

  react-dom@19.2.5(react@19.2.5):
    dependencies:
      react: 19.2.5
      scheduler: 0.27.0

  react-is@16.13.1: {}

  react-number-format@5.4.5(react-dom@19.2.5(react@19.2.5))(react@19.2.5):
    dependencies:
      react: 19.2.5
      react-dom: 19.2.5(react@19.2.5)

  react-remove-scroll-bar@2.3.8(react@19.2.5):
    dependencies:
      react: 19.2.5
      react-style-singleton: 2.2.3(react@19.2.5)
      tslib: 2.8.1

  react-remove-scroll@2.7.2(react@19.2.5):
    dependencies:
      react: 19.2.5
      react-remove-scroll-bar: 2.3.8(react@19.2.5)
      react-style-singleton: 2.2.3(react@19.2.5)
      tslib: 2.8.1
      use-callback-ref: 1.3.3(react@19.2.5)
      use-sidecar: 1.1.3(react@19.2.5)

  react-style-singleton@2.2.3(react@19.2.5):
    dependencies:
      get-nonce: 1.0.1
      react: 19.2.5
      tslib: 2.8.1

  react-transition-group@4.4.5(react-dom@19.2.5(react@19.2.5))(react@19.2.5):
    dependencies:
      '@babel/runtime': 7.29.2
      dom-helpers: 5.2.1
      loose-envify: 1.4.0
      prop-types: 15.8.1
      react: 19.2.5
      react-dom: 19.2.5(react@19.2.5)

  react@19.2.5: {}

  rolldown@1.0.0-rc.17:
    dependencies:
      '@oxc-project/types': 0.127.0
      '@rolldown/pluginutils': 1.0.0-rc.17
    optionalDependencies:
      '@rolldown/binding-android-arm64': 1.0.0-rc.17
      '@rolldown/binding-darwin-arm64': 1.0.0-rc.17
      '@rolldown/binding-darwin-x64': 1.0.0-rc.17
      '@rolldown/binding-freebsd-x64': 1.0.0-rc.17
      '@rolldown/binding-linux-arm-gnueabihf': 1.0.0-rc.17
      '@rolldown/binding-linux-arm64-gnu': 1.0.0-rc.17
      '@rolldown/binding-linux-arm64-musl': 1.0.0-rc.17
      '@rolldown/binding-linux-ppc64-gnu': 1.0.0-rc.17
      '@rolldown/binding-linux-s390x-gnu': 1.0.0-rc.17
      '@rolldown/binding-linux-x64-gnu': 1.0.0-rc.17
      '@rolldown/binding-linux-x64-musl': 1.0.0-rc.17
      '@rolldown/binding-openharmony-arm64': 1.0.0-rc.17
      '@rolldown/binding-wasm32-wasi': 1.0.0-rc.17
      '@rolldown/binding-win32-arm64-msvc': 1.0.0-rc.17
      '@rolldown/binding-win32-x64-msvc': 1.0.0-rc.17

  scheduler@0.27.0: {}

  shebang-command@2.0.0:
    dependencies:
      shebang-regex: 3.0.0

  shebang-regex@3.0.0: {}

  source-map-js@1.2.1: {}

  split2@4.2.0: {}

  sugarss@5.0.1(postcss@8.5.10):
    dependencies:
      postcss: 8.5.10

  tabbable@6.4.0: {}

  tagged-tag@1.0.0: {}

  tinyglobby@0.2.16:
    dependencies:
      fdir: 6.5.0(picomatch@4.0.4)
      picomatch: 4.0.4

  tslib@2.8.1: {}

  type-fest@5.6.0:
    dependencies:
      tagged-tag: 1.0.0

  undici-types@7.18.2:
    optional: true

  use-callback-ref@1.3.3(react@19.2.5):
    dependencies:
      react: 19.2.5
      tslib: 2.8.1

  use-sidecar@1.1.3(react@19.2.5):
    dependencies:
      detect-node-es: 1.1.0
      react: 19.2.5
      tslib: 2.8.1

  util-deprecate@1.0.2: {}

  vite@8.0.10(@types/node@25.5.0)(sugarss@5.0.1(postcss@8.5.10)):
    dependencies:
      lightningcss: 1.32.0
      picomatch: 4.0.4
      postcss: 8.5.10
      rolldown: 1.0.0-rc.17
      tinyglobby: 0.2.16
    optionalDependencies:
      '@types/node': 25.5.0
      fsevents: 2.3.3
      sugarss: 5.0.1(postcss@8.5.10)

  which@2.0.2:
    dependencies:
      isexe: 2.0.0

  xtend@4.0.2: {}
